
Microsoft Visual Studio Solution File, Format Version 12.00
# Visual Studio Version 17
VisualStudioVersion = 17.8.34322.80
MinimumVisualStudioVersion = 10.0.40219.1
Project("{FAE04EC0-301F-11D3-BF4B-00C04F79EFBC}") = "DesktopApplication", "DesktopApplication\DesktopApplication.csproj", "{482E38D7-E7C4-420F-9FDB-58C36725F255}"
EndProject
Global
	GlobalSection(SolutionConfigurationPlatforms) = preSolution
		Debug|x64 = Debug|x64
		Release|x64 = Release|x64
	EndGlobalSection
	GlobalSection(ProjectConfigurationPlatforms) = postSolution
		{482E38D7-E7C4-420F-9FDB-58C36725F255}.Debug|x64.ActiveCfg = Debug|x64
		{482E38D7-E7C4-420F-9FDB-58C36725F255}.Debug|x64.Build.0 = Debug|x64
		{482E38D7-E7C4-420F-9FDB-58C36725F255}.Release|x64.ActiveCfg = Release|x64
		{482E38D7-E7C4-420F-9FDB-58C36725F255}.Release|x64.Build.0 = Release|x64
	EndGlobalSection
	GlobalSection(SolutionProperties) = preSolution
		HideSolutionNode = FALSE
	EndGlobalSection
	GlobalSection(ExtensibilityGlobals) = postSolution
		SolutionGuid = {27608E7A-8B26-45FA-B1D9-9B0FA6748BEC}
	EndGlobalSection
EndGlobal
