
Microsoft Visual Studio Solution File, Format Version 12.00
# Visual Studio Version 16
VisualStudioVersion = 16.0.29613.14
MinimumVisualStudioVersion = 10.0.40219.1
Project("{9A19103F-16F7-4668-BE54-9A1E7A4F7556}") = "WorkerService", "WorkerService\WorkerService.csproj", "{1BEE768C-FCDB-4D95-9088-8D68AE306D87}"
EndProject
Global
	GlobalSection(SolutionConfigurationPlatforms) = preSolution
		Debug|Any CPU = Debug|Any CPU
		Debug|Application = Debug|Application
		Release|Any CPU = Release|Any CPU
		Release|Application = Release|Application
	EndGlobalSection
	GlobalSection(ProjectConfigurationPlatforms) = postSolution
		{1BEE768C-FCDB-4D95-9088-8D68AE306D87}.Debug|Any CPU.ActiveCfg = Debug|Any CPU
		{1BEE768C-FCDB-4D95-9088-8D68AE306D87}.Debug|Any CPU.Build.0 = Debug|Any CPU
		{1BEE768C-FCDB-4D95-9088-8D68AE306D87}.Debug|Application.ActiveCfg = Debug|Any CPU
		{1BEE768C-FCDB-4D95-9088-8D68AE306D87}.Debug|Application.Build.0 = Debug|Any CPU
		{1BEE768C-FCDB-4D95-9088-8D68AE306D87}.Release|Any CPU.ActiveCfg = Release|Any CPU
		{1BEE768C-FCDB-4D95-9088-8D68AE306D87}.Release|Any CPU.Build.0 = Release|Any CPU
		{1BEE768C-FCDB-4D95-9088-8D68AE306D87}.Release|Application.ActiveCfg = Release|Any CPU
		{1BEE768C-FCDB-4D95-9088-8D68AE306D87}.Release|Application.Build.0 = Release|Any CPU
	EndGlobalSection
	GlobalSection(SolutionProperties) = preSolution
		HideSolutionNode = FALSE
	EndGlobalSection
	GlobalSection(ExtensibilityGlobals) = postSolution
		SolutionGuid = {AF639BDA-FFD5-4508-B12C-BBF027996733}
	EndGlobalSection
EndGlobal
