
Microsoft Visual Studio Solution File, Format Version 12.00
# Visual Studio Version 17
VisualStudioVersion = 17.5.33516.290
MinimumVisualStudioVersion = 10.0.40219.1
Project("{9A19103F-16F7-4668-BE54-9A1E7A4F7556}") = "WorkerService", "WorkerService\WorkerService.csproj", "{1BEE768C-FCDB-4D95-9088-8D68AE306D87}"
EndProject
Global
	GlobalSection(SolutionConfigurationPlatforms) = preSolution
		Debug|x64 = Debug|x64
		Release|x64 = Release|x64
	EndGlobalSection
	GlobalSection(ProjectConfigurationPlatforms) = postSolution
		{1BEE768C-FCDB-4D95-9088-8D68AE306D87}.Debug|x64.ActiveCfg = Debug|x64
		{1BEE768C-FCDB-4D95-9088-8D68AE306D87}.Debug|x64.Build.0 = Debug|x64
		{1BEE768C-FCDB-4D95-9088-8D68AE306D87}.Release|x64.ActiveCfg = Release|x64
		{1BEE768C-FCDB-4D95-9088-8D68AE306D87}.Release|x64.Build.0 = Release|x64
	EndGlobalSection
	GlobalSection(SolutionProperties) = preSolution
		HideSolutionNode = FALSE
	EndGlobalSection
	GlobalSection(ExtensibilityGlobals) = postSolution
		SolutionGuid = {AF639BDA-FFD5-4508-B12C-BBF027996733}
	EndGlobalSection
EndGlobal
